
Microsoft Visual Studio Solution File, Format Version 12.00
Project("{FAE04EC0-301F-11D3-BF4B-00C04F79EFBC}") = "MicroRabbit.Domain.Core", "MicroRabbit.Domain.Core\MicroRabbit.Domain.Core.csproj", "{5D03F4F3-927A-4EA0-85C0-2583AEC9788C}"
EndProject
Project("{FAE04EC0-301F-11D3-BF4B-00C04F79EFBC}") = "MicroRabbit.Infra.Bus", "MicroRabbit.Infra.Bus\MicroRabbit.Infra.Bus.csproj", "{42B66661-2E57-48A9-959B-EA85FE398F7F}"
EndProject
Project("{FAE04EC0-301F-11D3-BF4B-00C04F79EFBC}") = "MicroRabbit.Infra.IoC", "MicroRabbit.Infra.IoC\MicroRabbit.Infra.IoC.csproj", "{14A36DE7-984D-4A2E-8A57-FCFE443501D9}"
EndProject
Project("{2150E333-8FDC-42A3-9474-1A3956D46DE8}") = "Microservices", "Microservices", "{B8AB68DE-3C82-4933-B790-EF7FBB24C17F}"
EndProject
Project("{2150E333-8FDC-42A3-9474-1A3956D46DE8}") = "Banking", "Banking", "{6480382A-4E9E-4A78-87BC-6A9FE6337B78}"
EndProject
Project("{2150E333-8FDC-42A3-9474-1A3956D46DE8}") = "API", "API", "{DD0426C0-9C09-49BE-A2E7-C891B7E22D99}"
EndProject
Project("{2150E333-8FDC-42A3-9474-1A3956D46DE8}") = "Domain", "Domain", "{A9B4E863-0CF7-453D-91BB-5E0296311839}"
EndProject
Project("{2150E333-8FDC-42A3-9474-1A3956D46DE8}") = "Application", "Application", "{3C5EF26C-C319-4BDF-A521-87B7AD9302D5}"
EndProject
Project("{2150E333-8FDC-42A3-9474-1A3956D46DE8}") = "Data", "Data", "{1A47EAAD-1F24-4F83-8EC1-3158604CFC8F}"
EndProject
Project("{FAE04EC0-301F-11D3-BF4B-00C04F79EFBC}") = "MicroRabbit.Banking.API", "MicroRabbit.Banking.API\MicroRabbit.Banking.API.csproj", "{8A490525-61BB-4798-98C6-8B3655F94F41}"
EndProject
Project("{FAE04EC0-301F-11D3-BF4B-00C04F79EFBC}") = "MicroRabbit.Banking.Application", "MicroRabbit.Banking.Application\MicroRabbit.Banking.Application.csproj", "{D7795843-A12C-4DDA-A96F-9FFC5BD7C492}"
EndProject
Project("{FAE04EC0-301F-11D3-BF4B-00C04F79EFBC}") = "MicroRabbit.Banking.Data", "MicroRabbit.Banking.Data\MicroRabbit.Banking.Data.csproj", "{3FA8D1F9-9CCA-4FC9-AC86-05CCAE4BA06A}"
EndProject
Project("{FAE04EC0-301F-11D3-BF4B-00C04F79EFBC}") = "MicroRabbit.Banking.Domain", "MicroRabbit.Banking.Domain\MicroRabbit.Banking.Domain.csproj", "{50CD5C13-8CBF-4906-99FC-97B6CA2C8B5A}"
EndProject
Global
	GlobalSection(SolutionConfigurationPlatforms) = preSolution
		Debug|Any CPU = Debug|Any CPU
		Release|Any CPU = Release|Any CPU
	EndGlobalSection
	GlobalSection(ProjectConfigurationPlatforms) = postSolution
		{5D03F4F3-927A-4EA0-85C0-2583AEC9788C}.Debug|Any CPU.ActiveCfg = Debug|Any CPU
		{5D03F4F3-927A-4EA0-85C0-2583AEC9788C}.Debug|Any CPU.Build.0 = Debug|Any CPU
		{5D03F4F3-927A-4EA0-85C0-2583AEC9788C}.Release|Any CPU.ActiveCfg = Release|Any CPU
		{5D03F4F3-927A-4EA0-85C0-2583AEC9788C}.Release|Any CPU.Build.0 = Release|Any CPU
		{42B66661-2E57-48A9-959B-EA85FE398F7F}.Debug|Any CPU.ActiveCfg = Debug|Any CPU
		{42B66661-2E57-48A9-959B-EA85FE398F7F}.Debug|Any CPU.Build.0 = Debug|Any CPU
		{42B66661-2E57-48A9-959B-EA85FE398F7F}.Release|Any CPU.ActiveCfg = Release|Any CPU
		{42B66661-2E57-48A9-959B-EA85FE398F7F}.Release|Any CPU.Build.0 = Release|Any CPU
		{14A36DE7-984D-4A2E-8A57-FCFE443501D9}.Debug|Any CPU.ActiveCfg = Debug|Any CPU
		{14A36DE7-984D-4A2E-8A57-FCFE443501D9}.Debug|Any CPU.Build.0 = Debug|Any CPU
		{14A36DE7-984D-4A2E-8A57-FCFE443501D9}.Release|Any CPU.ActiveCfg = Release|Any CPU
		{14A36DE7-984D-4A2E-8A57-FCFE443501D9}.Release|Any CPU.Build.0 = Release|Any CPU
		{8A490525-61BB-4798-98C6-8B3655F94F41}.Debug|Any CPU.ActiveCfg = Debug|Any CPU
		{8A490525-61BB-4798-98C6-8B3655F94F41}.Debug|Any CPU.Build.0 = Debug|Any CPU
		{8A490525-61BB-4798-98C6-8B3655F94F41}.Release|Any CPU.ActiveCfg = Release|Any CPU
		{8A490525-61BB-4798-98C6-8B3655F94F41}.Release|Any CPU.Build.0 = Release|Any CPU
		{D7795843-A12C-4DDA-A96F-9FFC5BD7C492}.Debug|Any CPU.ActiveCfg = Debug|Any CPU
		{D7795843-A12C-4DDA-A96F-9FFC5BD7C492}.Debug|Any CPU.Build.0 = Debug|Any CPU
		{D7795843-A12C-4DDA-A96F-9FFC5BD7C492}.Release|Any CPU.ActiveCfg = Release|Any CPU
		{D7795843-A12C-4DDA-A96F-9FFC5BD7C492}.Release|Any CPU.Build.0 = Release|Any CPU
		{3FA8D1F9-9CCA-4FC9-AC86-05CCAE4BA06A}.Debug|Any CPU.ActiveCfg = Debug|Any CPU
		{3FA8D1F9-9CCA-4FC9-AC86-05CCAE4BA06A}.Debug|Any CPU.Build.0 = Debug|Any CPU
		{3FA8D1F9-9CCA-4FC9-AC86-05CCAE4BA06A}.Release|Any CPU.ActiveCfg = Release|Any CPU
		{3FA8D1F9-9CCA-4FC9-AC86-05CCAE4BA06A}.Release|Any CPU.Build.0 = Release|Any CPU
		{50CD5C13-8CBF-4906-99FC-97B6CA2C8B5A}.Debug|Any CPU.ActiveCfg = Debug|Any CPU
		{50CD5C13-8CBF-4906-99FC-97B6CA2C8B5A}.Debug|Any CPU.Build.0 = Debug|Any CPU
		{50CD5C13-8CBF-4906-99FC-97B6CA2C8B5A}.Release|Any CPU.ActiveCfg = Release|Any CPU
		{50CD5C13-8CBF-4906-99FC-97B6CA2C8B5A}.Release|Any CPU.Build.0 = Release|Any CPU
	EndGlobalSection
	GlobalSection(NestedProjects) = preSolution
		{6480382A-4E9E-4A78-87BC-6A9FE6337B78} = {B8AB68DE-3C82-4933-B790-EF7FBB24C17F}
		{DD0426C0-9C09-49BE-A2E7-C891B7E22D99} = {6480382A-4E9E-4A78-87BC-6A9FE6337B78}
		{A9B4E863-0CF7-453D-91BB-5E0296311839} = {6480382A-4E9E-4A78-87BC-6A9FE6337B78}
		{3C5EF26C-C319-4BDF-A521-87B7AD9302D5} = {6480382A-4E9E-4A78-87BC-6A9FE6337B78}
		{1A47EAAD-1F24-4F83-8EC1-3158604CFC8F} = {6480382A-4E9E-4A78-87BC-6A9FE6337B78}
		{8A490525-61BB-4798-98C6-8B3655F94F41} = {DD0426C0-9C09-49BE-A2E7-C891B7E22D99}
		{D7795843-A12C-4DDA-A96F-9FFC5BD7C492} = {3C5EF26C-C319-4BDF-A521-87B7AD9302D5}
		{3FA8D1F9-9CCA-4FC9-AC86-05CCAE4BA06A} = {1A47EAAD-1F24-4F83-8EC1-3158604CFC8F}
		{50CD5C13-8CBF-4906-99FC-97B6CA2C8B5A} = {A9B4E863-0CF7-453D-91BB-5E0296311839}
	EndGlobalSection
EndGlobal
